
Microsoft Visual Studio Solution File, Format Version 12.00
# Visual Studio 14
VisualStudioVersion = 14.0.23107.0
MinimumVisualStudioVersion = 10.0.40219.1
Project("{FAE04EC0-301F-11D3-BF4B-00C04F79EFBC}") = "TestApp", "TestApp\TestApp.csproj", "{1581BF2E-35FF-43DB-829B-439C1B9C7569}"
EndProject
Project("{FAE04EC0-301F-11D3-BF4B-00C04F79EFBC}") = "TestAppLib", "TestAppLib\TestAppLib.csproj", "{951CCCA3-D5D8-42CC-8BA6-E5495AE73E0D}"
EndProject
Project("{FAE04EC0-301F-11D3-BF4B-00C04F79EFBC}") = "TestAppLibDeeper", "TestAppLibDeeper\TestAppLibDeeper.csproj", "{BF6B5329-580E-4DEA-863E-97A316B3A235}"
EndProject
Project("{FAE04EC0-301F-11D3-BF4B-00C04F79EFBC}") = "FeatureToggles", "FeatureToggles\FeatureToggles.csproj", "{555BC141-8275-42BB-9310-37C44D0115AB}"
EndProject
Project("{FAE04EC0-301F-11D3-BF4B-00C04F79EFBC}") = "FeatureToggles.nuget", "FeatureToggles.nuget\FeatureToggles.nuget.csproj", "{0451BAEF-DF2E-4B98-8644-94EE9415E389}"
EndProject
Global
	GlobalSection(SolutionConfigurationPlatforms) = preSolution
		Debug|Any CPU = Debug|Any CPU
		Release|Any CPU = Release|Any CPU
	EndGlobalSection
	GlobalSection(ProjectConfigurationPlatforms) = postSolution
		{1581BF2E-35FF-43DB-829B-439C1B9C7569}.Debug|Any CPU.ActiveCfg = Debug|Any CPU
		{1581BF2E-35FF-43DB-829B-439C1B9C7569}.Debug|Any CPU.Build.0 = Debug|Any CPU
		{1581BF2E-35FF-43DB-829B-439C1B9C7569}.Release|Any CPU.ActiveCfg = Release|Any CPU
		{1581BF2E-35FF-43DB-829B-439C1B9C7569}.Release|Any CPU.Build.0 = Release|Any CPU
		{951CCCA3-D5D8-42CC-8BA6-E5495AE73E0D}.Debug|Any CPU.ActiveCfg = Debug|Any CPU
		{951CCCA3-D5D8-42CC-8BA6-E5495AE73E0D}.Debug|Any CPU.Build.0 = Debug|Any CPU
		{951CCCA3-D5D8-42CC-8BA6-E5495AE73E0D}.Release|Any CPU.ActiveCfg = Release|Any CPU
		{951CCCA3-D5D8-42CC-8BA6-E5495AE73E0D}.Release|Any CPU.Build.0 = Release|Any CPU
		{BF6B5329-580E-4DEA-863E-97A316B3A235}.Debug|Any CPU.ActiveCfg = Debug|Any CPU
		{BF6B5329-580E-4DEA-863E-97A316B3A235}.Debug|Any CPU.Build.0 = Debug|Any CPU
		{BF6B5329-580E-4DEA-863E-97A316B3A235}.Release|Any CPU.ActiveCfg = Release|Any CPU
		{BF6B5329-580E-4DEA-863E-97A316B3A235}.Release|Any CPU.Build.0 = Release|Any CPU
		{555BC141-8275-42BB-9310-37C44D0115AB}.Debug|Any CPU.ActiveCfg = Debug|Any CPU
		{555BC141-8275-42BB-9310-37C44D0115AB}.Debug|Any CPU.Build.0 = Debug|Any CPU
		{555BC141-8275-42BB-9310-37C44D0115AB}.Release|Any CPU.ActiveCfg = Release|Any CPU
		{555BC141-8275-42BB-9310-37C44D0115AB}.Release|Any CPU.Build.0 = Release|Any CPU
		{0451BAEF-DF2E-4B98-8644-94EE9415E389}.Debug|Any CPU.ActiveCfg = Debug|Any CPU
		{0451BAEF-DF2E-4B98-8644-94EE9415E389}.Debug|Any CPU.Build.0 = Debug|Any CPU
		{0451BAEF-DF2E-4B98-8644-94EE9415E389}.Release|Any CPU.ActiveCfg = Release|Any CPU
		{0451BAEF-DF2E-4B98-8644-94EE9415E389}.Release|Any CPU.Build.0 = Release|Any CPU
	EndGlobalSection
	GlobalSection(SolutionProperties) = preSolution
		HideSolutionNode = FALSE
	EndGlobalSection
EndGlobal
